
Microsoft Visual Studio Solution File, Format Version 12.00
# Visual Studio Version 16
VisualStudioVersion = 16.0.31911.196
MinimumVisualStudioVersion = 10.0.40219.1
Project("{FAE04EC0-301F-11D3-BF4B-00C04F79EFBC}") = "D01_Console", "D01_Console\D01_Console.csproj", "{ED8365E9-3330-4B42-A0FA-86B06D014312}"
EndProject
Global
	GlobalSection(SolutionConfigurationPlatforms) = preSolution
		Debug|Any CPU = Debug|Any CPU
		Release|Any CPU = Release|Any CPU
	EndGlobalSection
	GlobalSection(ProjectConfigurationPlatforms) = postSolution
		{ED8365E9-3330-4B42-A0FA-86B06D014312}.Debug|Any CPU.ActiveCfg = Debug|Any CPU
		{ED8365E9-3330-4B42-A0FA-86B06D014312}.Debug|Any CPU.Build.0 = Debug|Any CPU
		{ED8365E9-3330-4B42-A0FA-86B06D014312}.Release|Any CPU.ActiveCfg = Release|Any CPU
		{ED8365E9-3330-4B42-A0FA-86B06D014312}.Release|Any CPU.Build.0 = Release|Any CPU
	EndGlobalSection
	GlobalSection(SolutionProperties) = preSolution
		HideSolutionNode = FALSE
	EndGlobalSection
	GlobalSection(ExtensibilityGlobals) = postSolution
		SolutionGuid = {30864F23-90EC-4614-B7B9-06268B57A069}
	EndGlobalSection
EndGlobal
